
Microsoft Visual Studio Solution File, Format Version 12.00
# Visual Studio Version 17
VisualStudioVersion = 17.11.35219.272
MinimumVisualStudioVersion = 10.0.40219.1
Project("{FAE04EC0-301F-11D3-BF4B-00C04F79EFBC}") = "DataCom.JobApplicationTracker.Server", "DataCom.JobApplicationTracker.Server\DataCom.JobApplicationTracker.Server.csproj", "{343D4BFE-E983-4D28-9966-A9C8F878063A}"
EndProject
Project("{FAE04EC0-301F-11D3-BF4B-00C04F79EFBC}") = "DataCom.JobApplicationTracker.Model", "DataCom.JobApplicationTracker.Model\DataCom.JobApplicationTracker.Model.csproj", "{C7398494-5B3E-4E8F-ACA7-AF52D6BBFEFB}"
EndProject
Project("{FAE04EC0-301F-11D3-BF4B-00C04F79EFBC}") = "DataCom.JobApplicationTracker.Repository", "DataCom.JobApplicationTracker.Repository\DataCom.JobApplicationTracker.Repository.csproj", "{8D41B4E8-2897-4FD3-9AB4-45D6D4A4F0C3}"
EndProject
Project("{FAE04EC0-301F-11D3-BF4B-00C04F79EFBC}") = "DataCom.JobApplicationTracker.Contract", "DataCom.JobApplicationTracker.Contract\DataCom.JobApplicationTracker.Contract.csproj", "{6D10650A-0592-4B0E-AFC1-3A69CD3D1372}"
EndProject
Project("{FAE04EC0-301F-11D3-BF4B-00C04F79EFBC}") = "DataCom.JobApplicationTracker.Service", "DataCom.JobApplicationTracker.Service\DataCom.JobApplicationTracker.Service.csproj", "{40870CAB-DD5A-4EAF-AEFB-D68463AF74A7}"
EndProject
Global
	GlobalSection(SolutionConfigurationPlatforms) = preSolution
		Debug|Any CPU = Debug|Any CPU
		Release|Any CPU = Release|Any CPU
	EndGlobalSection
	GlobalSection(ProjectConfigurationPlatforms) = postSolution
		{343D4BFE-E983-4D28-9966-A9C8F878063A}.Debug|Any CPU.ActiveCfg = Debug|Any CPU
		{343D4BFE-E983-4D28-9966-A9C8F878063A}.Debug|Any CPU.Build.0 = Debug|Any CPU
		{343D4BFE-E983-4D28-9966-A9C8F878063A}.Release|Any CPU.ActiveCfg = Release|Any CPU
		{343D4BFE-E983-4D28-9966-A9C8F878063A}.Release|Any CPU.Build.0 = Release|Any CPU
		{C7398494-5B3E-4E8F-ACA7-AF52D6BBFEFB}.Debug|Any CPU.ActiveCfg = Debug|Any CPU
		{C7398494-5B3E-4E8F-ACA7-AF52D6BBFEFB}.Debug|Any CPU.Build.0 = Debug|Any CPU
		{C7398494-5B3E-4E8F-ACA7-AF52D6BBFEFB}.Release|Any CPU.ActiveCfg = Release|Any CPU
		{C7398494-5B3E-4E8F-ACA7-AF52D6BBFEFB}.Release|Any CPU.Build.0 = Release|Any CPU
		{8D41B4E8-2897-4FD3-9AB4-45D6D4A4F0C3}.Debug|Any CPU.ActiveCfg = Debug|Any CPU
		{8D41B4E8-2897-4FD3-9AB4-45D6D4A4F0C3}.Debug|Any CPU.Build.0 = Debug|Any CPU
		{8D41B4E8-2897-4FD3-9AB4-45D6D4A4F0C3}.Release|Any CPU.ActiveCfg = Release|Any CPU
		{8D41B4E8-2897-4FD3-9AB4-45D6D4A4F0C3}.Release|Any CPU.Build.0 = Release|Any CPU
		{6D10650A-0592-4B0E-AFC1-3A69CD3D1372}.Debug|Any CPU.ActiveCfg = Debug|Any CPU
		{6D10650A-0592-4B0E-AFC1-3A69CD3D1372}.Debug|Any CPU.Build.0 = Debug|Any CPU
		{6D10650A-0592-4B0E-AFC1-3A69CD3D1372}.Release|Any CPU.ActiveCfg = Release|Any CPU
		{6D10650A-0592-4B0E-AFC1-3A69CD3D1372}.Release|Any CPU.Build.0 = Release|Any CPU
		{40870CAB-DD5A-4EAF-AEFB-D68463AF74A7}.Debug|Any CPU.ActiveCfg = Debug|Any CPU
		{40870CAB-DD5A-4EAF-AEFB-D68463AF74A7}.Debug|Any CPU.Build.0 = Debug|Any CPU
		{40870CAB-DD5A-4EAF-AEFB-D68463AF74A7}.Release|Any CPU.ActiveCfg = Release|Any CPU
		{40870CAB-DD5A-4EAF-AEFB-D68463AF74A7}.Release|Any CPU.Build.0 = Release|Any CPU
	EndGlobalSection
	GlobalSection(SolutionProperties) = preSolution
		HideSolutionNode = FALSE
	EndGlobalSection
	GlobalSection(ExtensibilityGlobals) = postSolution
		SolutionGuid = {C569ED16-D060-463E-AA5E-725C71BA15F3}
	EndGlobalSection
EndGlobal
